// !$*UTF8*$!
{
	archiveVersion = 1;
	classes = {
	};
	objectVersion = 46;
	objects = {

/* Begin PBXBuildFile section */
		BC43C5C41D53560F00B59970 /* main.m in Sources */ = {isa = PBXBuildFile; fileRef = BC43C5C31D53560F00B59970 /* main.m */; };
		BC43C5C71D53560F00B59970 /* AppDelegate.m in Sources */ = {isa = PBXBuildFile; fileRef = BC43C5C61D53560F00B59970 /* AppDelegate.m */; };
		BC43C5CA1D53560F00B59970 /* ViewController.m in Sources */ = {isa = PBXBuildFile; fileRef = BC43C5C91D53560F00B59970 /* ViewController.m */; };
		BC43C5CD1D53560F00B59970 /* Main.storyboard in Resources */ = {isa = PBXBuildFile; fileRef = BC43C5CB1D53560F00B59970 /* Main.storyboard */; };
		BC43C5CF1D53560F00B59970 /* Assets.xcassets in Resources */ = {isa = PBXBuildFile; fileRef = BC43C5CE1D53560F00B59970 /* Assets.xcassets */; };
		BC43C5D21D53560F00B59970 /* LaunchScreen.storyboard in Resources */ = {isa = PBXBuildFile; fileRef = BC43C5D01D53560F00B59970 /* LaunchScreen.storyboard */; };
		BC43C5DA1D536DE900B59970 /* MapKit.framework in Frameworks */ = {isa = PBXBuildFile; fileRef = BC43C5D91D536DE900B59970 /* MapKit.framework */; };
		BC54F0FA1D53B1EC00CA6046 /* CollectionViewController.m in Sources */ = {isa = PBXBuildFile; fileRef = BC54F0F91D53B1EC00CA6046 /* CollectionViewController.m */; };
		BC54F0FD1D546D1600CA6046 /* CollectionViewFlowLayout.m in Sources */ = {isa = PBXBuildFile; fileRef = BC54F0FC1D546D1600CA6046 /* CollectionViewFlowLayout.m */; };
		BC54F0FF1D54816F00CA6046 /* house.png in Resources */ = {isa = PBXBuildFile; fileRef = BC54F0FE1D54816F00CA6046 /* house.png */; };
		BC54F1021D54957500CA6046 /* CollectionViewCell.m in Sources */ = {isa = PBXBuildFile; fileRef = BC54F1011D54957500CA6046 /* CollectionViewCell.m */; };
/* End PBXBuildFile section */

/* Begin PBXFileReference section */
		BC43C5BF1D53560F00B59970 /* MapIniOs.app */ = {isa = PBXFileReference; explicitFileType = wrapper.application; includeInIndex = 0; path = MapIniOs.app; sourceTree = BUILT_PRODUCTS_DIR; };
		BC43C5C31D53560F00B59970 /* main.m */ = {isa = PBXFileReference; lastKnownFileType = sourcecode.c.objc; path = main.m; sourceTree = "<group>"; };
		BC43C5C51D53560F00B59970 /* AppDelegate.h */ = {isa = PBXFileReference; lastKnownFileType = sourcecode.c.h; path = AppDelegate.h; sourceTree = "<group>"; };
		BC43C5C61D53560F00B59970 /* AppDelegate.m */ = {isa = PBXFileReference; lastKnownFileType = sourcecode.c.objc; path = AppDelegate.m; sourceTree = "<group>"; };
		BC43C5C81D53560F00B59970 /* ViewController.h */ = {isa = PBXFileReference; lastKnownFileType = sourcecode.c.h; path = ViewController.h; sourceTree = "<group>"; };
		BC43C5C91D53560F00B59970 /* ViewController.m */ = {isa = PBXFileReference; lastKnownFileType = sourcecode.c.objc; path = ViewController.m; sourceTree = "<group>"; };
		BC43C5CC1D53560F00B59970 /* Base */ = {isa = PBXFileReference; lastKnownFileType = file.storyboard; name = Base; path = Base.lproj/Main.storyboard; sourceTree = "<group>"; };
		BC43C5CE1D53560F00B59970 /* Assets.xcassets */ = {isa = PBXFileReference; lastKnownFileType = folder.assetcatalog; path = Assets.xcassets; sourceTree = "<group>"; };
		BC43C5D11D53560F00B59970 /* Base */ = {isa = PBXFileReference; lastKnownFileType = file.storyboard; name = Base; path = Base.lproj/LaunchScreen.storyboard; sourceTree = "<group>"; };
		BC43C5D31D53560F00B59970 /* Info.plist */ = {isa = PBXFileReference; lastKnownFileType = text.plist.xml; path = Info.plist; sourceTree = "<group>"; };
		BC43C5D91D536DE900B59970 /* MapKit.framework */ = {isa = PBXFileReference; lastKnownFileType = wrapper.framework; name = MapKit.framework; path = System/Library/Frameworks/MapKit.framework; sourceTree = SDKROOT; };
		BC54F0F81D53B1EC00CA6046 /* CollectionViewController.h */ = {isa = PBXFileReference; fileEncoding = 4; lastKnownFileType = sourcecode.c.h; path = CollectionViewController.h; sourceTree = "<group>"; };
		BC54F0F91D53B1EC00CA6046 /* CollectionViewController.m */ = {isa = PBXFileReference; fileEncoding = 4; lastKnownFileType = sourcecode.c.objc; path = CollectionViewController.m; sourceTree = "<group>"; };
		BC54F0FB1D546D1600CA6046 /* CollectionViewFlowLayout.h */ = {isa = PBXFileReference; fileEncoding = 4; lastKnownFileType = sourcecode.c.h; path = CollectionViewFlowLayout.h; sourceTree = "<group>"; };
		BC54F0FC1D546D1600CA6046 /* CollectionViewFlowLayout.m */ = {isa = PBXFileReference; fileEncoding = 4; lastKnownFileType = sourcecode.c.objc; path = CollectionViewFlowLayout.m; sourceTree = "<group>"; };
		BC54F0FE1D54816F00CA6046 /* house.png */ = {isa = PBXFileReference; lastKnownFileType = image.png; path = house.png; sourceTree = "<group>"; };
		BC54F1001D54957500CA6046 /* CollectionViewCell.h */ = {isa = PBXFileReference; fileEncoding = 4; lastKnownFileType = sourcecode.c.h; path = CollectionViewCell.h; sourceTree = "<group>"; };
		BC54F1011D54957500CA6046 /* CollectionViewCell.m */ = {isa = PBXFileReference; fileEncoding = 4; lastKnownFileType = sourcecode.c.objc; path = CollectionViewCell.m; sourceTree = "<group>"; };
/* End PBXFileReference section */

/* Begin PBXFrameworksBuildPhase section */
		BC43C5BC1D53560F00B59970 /* Frameworks */ = {
			isa = PBXFrameworksBuildPhase;
			buildActionMask = 2147483647;
			files = (
				BC43C5DA1D536DE900B59970 /* MapKit.framework in Frameworks */,
			);
			runOnlyForDeploymentPostprocessing = 0;
		};
/* End PBXFrameworksBuildPhase section */

/* Begin PBXGroup section */
		BC43C5B61D53560F00B59970 = {
			isa = PBXGroup;
			children = (
				BC43C5D91D536DE900B59970 /* MapKit.framework */,
				BC43C5C11D53560F00B59970 /* MapIniOs */,
				BC43C5C01D53560F00B59970 /* Products */,
			);
			sourceTree = "<group>";
		};
		BC43C5C01D53560F00B59970 /* Products */ = {
			isa = PBXGroup;
			children = (
				BC43C5BF1D53560F00B59970 /* MapIniOs.app */,
			);
			name = Products;
			sourceTree = "<group>";
		};
		BC43C5C11D53560F00B59970 /* MapIniOs */ = {
			isa = PBXGroup;
			children = (
				BC54F0FE1D54816F00CA6046 /* house.png */,
				BC43C5C51D53560F00B59970 /* AppDelegate.h */,
				BC43C5C61D53560F00B59970 /* AppDelegate.m */,
				BC43C5C81D53560F00B59970 /* ViewController.h */,
				BC43C5C91D53560F00B59970 /* ViewController.m */,
				BC43C5CB1D53560F00B59970 /* Main.storyboard */,
				BC43C5CE1D53560F00B59970 /* Assets.xcassets */,
				BC43C5D01D53560F00B59970 /* LaunchScreen.storyboard */,
				BC43C5D31D53560F00B59970 /* Info.plist */,
				BC43C5C21D53560F00B59970 /* Supporting Files */,
				BC54F0F81D53B1EC00CA6046 /* CollectionViewController.h */,
				BC54F0F91D53B1EC00CA6046 /* CollectionViewController.m */,
				BC54F0FB1D546D1600CA6046 /* CollectionViewFlowLayout.h */,
				BC54F0FC1D546D1600CA6046 /* CollectionViewFlowLayout.m */,
				BC54F1001D54957500CA6046 /* CollectionViewCell.h */,
				BC54F1011D54957500CA6046 /* CollectionViewCell.m */,
			);
			path = MapIniOs;
			sourceTree = "<group>";
		};
		BC43C5C21D53560F00B59970 /* Supporting Files */ = {
			isa = PBXGroup;
			children = (
				BC43C5C31D53560F00B59970 /* main.m */,
			);
			name = "Supporting Files";
			sourceTree = "<group>";
		};
/* End PBXGroup section */

/* Begin PBXNativeTarget section */
		BC43C5BE1D53560F00B59970 /* MapIniOs */ = {
			isa = PBXNativeTarget;
			buildConfigurationList = BC43C5D61D53560F00B59970 /* Build configuration list for PBXNativeTarget "MapIniOs" */;
			buildPhases = (
				BC43C5BB1D53560F00B59970 /* Sources */,
				BC43C5BC1D53560F00B59970 /* Frameworks */,
				BC43C5BD1D53560F00B59970 /* Resources */,
			);
			buildRules = (
			);
			dependencies = (
			);
			name = MapIniOs;
			productName = MapIniOs;
			productReference = BC43C5BF1D53560F00B59970 /* MapIniOs.app */;
			productType = "com.apple.product-type.application";
		};
/* End PBXNativeTarget section */

/* Begin PBXProject section */
		BC43C5B71D53560F00B59970 /* Project object */ = {
			isa = PBXProject;
			attributes = {
				KnownAssetTags = (
					100,
				);
				LastUpgradeCheck = 0720;
				ORGANIZATIONNAME = "Dilip Patidar";
				TargetAttributes = {
					BC43C5BE1D53560F00B59970 = {
						CreatedOnToolsVersion = 7.2;
					};
				};
			};
			buildConfigurationList = BC43C5BA1D53560F00B59970 /* Build configuration list for PBXProject "MapIniOs" */;
			compatibilityVersion = "Xcode 3.2";
			developmentRegion = English;
			hasScannedForEncodings = 0;
			knownRegions = (
				en,
				Base,
			);
			mainGroup = BC43C5B61D53560F00B59970;
			productRefGroup = BC43C5C01D53560F00B59970 /* Products */;
			projectDirPath = "";
			projectRoot = "";
			targets = (
				BC43C5BE1D53560F00B59970 /* MapIniOs */,
			);
		};
/* End PBXProject section */

/* Begin PBXResourcesBuildPhase section */
		BC43C5BD1D53560F00B59970 /* Resources */ = {
			isa = PBXResourcesBuildPhase;
			buildActionMask = 2147483647;
			files = (
				BC54F0FF1D54816F00CA6046 /* house.png in Resources */,
				BC43C5D21D53560F00B59970 /* LaunchScreen.storyboard in Resources */,
				BC43C5CF1D53560F00B59970 /* Assets.xcassets in Resources */,
				BC43C5CD1D53560F00B59970 /* Main.storyboard in Resources */,
			);
			runOnlyForDeploymentPostprocessing = 0;
		};
/* End PBXResourcesBuildPhase section */

/* Begin PBXSourcesBuildPhase section */
		BC43C5BB1D53560F00B59970 /* Sources */ = {
			isa = PBXSourcesBuildPhase;
			buildActionMask = 2147483647;
			files = (
				BC54F1021D54957500CA6046 /* CollectionViewCell.m in Sources */,
				BC54F0FA1D53B1EC00CA6046 /* CollectionViewController.m in Sources */,
				BC43C5CA1D53560F00B59970 /* ViewController.m in Sources */,
				BC54F0FD1D546D1600CA6046 /* CollectionViewFlowLayout.m in Sources */,
				BC43C5C71D53560F00B59970 /* AppDelegate.m in Sources */,
				BC43C5C41D53560F00B59970 /* main.m in Sources */,
			);
			runOnlyForDeploymentPostprocessing = 0;
		};
/* End PBXSourcesBuildPhase section */

/* Begin PBXVariantGroup section */
		BC43C5CB1D53560F00B59970 /* Main.storyboard */ = {
			isa = PBXVariantGroup;
			children = (
				BC43C5CC1D53560F00B59970 /* Base */,
			);
			name = Main.storyboard;
			sourceTree = "<group>";
		};
		BC43C5D01D53560F00B59970 /* LaunchScreen.storyboard */ = {
			isa = PBXVariantGroup;
			children = (
				BC43C5D11D53560F00B59970 /* Base */,
			);
			name = LaunchScreen.storyboard;
			sourceTree = "<group>";
		};
/* End PBXVariantGroup section */

/* Begin XCBuildConfiguration section */
		BC43C5D41D53560F00B59970 /* Debug */ = {
			isa = XCBuildConfiguration;
			buildSettings = {
				ALWAYS_SEARCH_USER_PATHS = NO;
				CLANG_CXX_LANGUAGE_STANDARD = "gnu++0x";
				CLANG_CXX_LIBRARY = "libc++";
				CLANG_ENABLE_MODULES = YES;
				CLANG_ENABLE_OBJC_ARC = YES;
				CLANG_WARN_BOOL_CONVERSION = YES;
				CLANG_WARN_CONSTANT_CONVERSION = YES;
				CLANG_WARN_DIRECT_OBJC_ISA_USAGE = YES_ERROR;
				CLANG_WARN_EMPTY_BODY = YES;
				CLANG_WARN_ENUM_CONVERSION = YES;
				CLANG_WARN_INT_CONVERSION = YES;
				CLANG_WARN_OBJC_ROOT_CLASS = YES_ERROR;
				CLANG_WARN_UNREACHABLE_CODE = YES;
				CLANG_WARN__DUPLICATE_METHOD_MATCH = YES;
				"CODE_SIGN_IDENTITY[sdk=iphoneos*]" = "iPhone Developer";
				COPY_PHASE_STRIP = NO;
				DEBUG_INFORMATION_FORMAT = dwarf;
				ENABLE_STRICT_OBJC_MSGSEND = YES;
				ENABLE_TESTABILITY = YES;
				GCC_C_LANGUAGE_STANDARD = gnu99;
				GCC_DYNAMIC_NO_PIC = NO;
				GCC_NO_COMMON_BLOCKS = YES;
				GCC_OPTIMIZATION_LEVEL = 0;
				GCC_PREPROCESSOR_DEFINITIONS = (
					"DEBUG=1",
					"$(inherited)",
				);
				GCC_WARN_64_TO_32_BIT_CONVERSION = YES;
				GCC_WARN_ABOUT_RETURN_TYPE = YES_ERROR;
				GCC_WARN_UNDECLARED_SELECTOR = YES;
				GCC_WARN_UNINITIALIZED_AUTOS = YES_AGGRESSIVE;
				GCC_WARN_UNUSED_FUNCTION = YES;
				GCC_WARN_UNUSED_VARIABLE = YES;
				IPHONEOS_DEPLOYMENT_TARGET = 9.2;
				MTL_ENABLE_DEBUG_INFO = YES;
				ONLY_ACTIVE_ARCH = YES;
				SDKROOT = iphoneos;
				TARGETED_DEVICE_FAMILY = "1,2";
			};
			name = Debug;
		};
		BC43C5D51D53560F00B59970 /* Release */ = {
			isa = XCBuildConfiguration;
			buildSettings = {
				ALWAYS_SEARCH_USER_PATHS = NO;
				CLANG_CXX_LANGUAGE_STANDARD = "gnu++0x";
				CLANG_CXX_LIBRARY = "libc++";
				CLANG_ENABLE_MODULES = YES;
				CLANG_ENABLE_OBJC_ARC = YES;
				CLANG_WARN_BOOL_CONVERSION = YES;
				CLANG_WARN_CONSTANT_CONVERSION = YES;
				CLANG_WARN_DIRECT_OBJC_ISA_USAGE = YES_ERROR;
				CLANG_WARN_EMPTY_BODY = YES;
				CLANG_WARN_ENUM_CONVERSION = YES;
				CLANG_WARN_INT_CONVERSION = YES;
				CLANG_WARN_OBJC_ROOT_CLASS = YES_ERROR;
				CLANG_WARN_UNREACHABLE_CODE = YES;
				CLANG_WARN__DUPLICATE_METHOD_MATCH = YES;
				"CODE_SIGN_IDENTITY[sdk=iphoneos*]" = "iPhone Developer";
				COPY_PHASE_STRIP = NO;
				DEBUG_INFORMATION_FORMAT = "dwarf-with-dsym";
				ENABLE_NS_ASSERTIONS = NO;
				ENABLE_STRICT_OBJC_MSGSEND = YES;
				GCC_C_LANGUAGE_STANDARD = gnu99;
				GCC_NO_COMMON_BLOCKS = YES;
				GCC_WARN_64_TO_32_BIT_CONVERSION = YES;
				GCC_WARN_ABOUT_RETURN_TYPE = YES_ERROR;
				GCC_WARN_UNDECLARED_SELECTOR = YES;
				GCC_WARN_UNINITIALIZED_AUTOS = YES_AGGRESSIVE;
				GCC_WARN_UNUSED_FUNCTION = YES;
				GCC_WARN_UNUSED_VARIABLE = YES;
				IPHONEOS_DEPLOYMENT_TARGET = 9.2;
				MTL_ENABLE_DEBUG_INFO = NO;
				SDKROOT = iphoneos;
				TARGETED_DEVICE_FAMILY = "1,2";
				VALIDATE_PRODUCT = YES;
			};
			name = Release;
		};
		BC43C5D71D53560F00B59970 /* Debug */ = {
			isa = XCBuildConfiguration;
			buildSettings = {
				ASSETCATALOG_COMPILER_APPICON_NAME = AppIcon;
				INFOPLIST_FILE = MapIniOs/Info.plist;
				LD_RUNPATH_SEARCH_PATHS = "$(inherited) @executable_path/Frameworks";
				PRODUCT_BUNDLE_IDENTIFIER = com.dilip.MapIniOs;
				PRODUCT_NAME = "$(TARGET_NAME)";
			};
			name = Debug;
		};
		BC43C5D81D53560F00B59970 /* Release */ = {
			isa = XCBuildConfiguration;
			buildSettings = {
				ASSETCATALOG_COMPILER_APPICON_NAME = AppIcon;
				INFOPLIST_FILE = MapIniOs/Info.plist;
				LD_RUNPATH_SEARCH_PATHS = "$(inherited) @executable_path/Frameworks";
				PRODUCT_BUNDLE_IDENTIFIER = com.dilip.MapIniOs;
				PRODUCT_NAME = "$(TARGET_NAME)";
			};
			name = Release;
		};
/* End XCBuildConfiguration section */

/* Begin XCConfigurationList section */
		BC43C5BA1D53560F00B59970 /* Build configuration list for PBXProject "MapIniOs" */ = {
			isa = XCConfigurationList;
			buildConfigurations = (
				BC43C5D41D53560F00B59970 /* Debug */,
				BC43C5D51D53560F00B59970 /* Release */,
			);
			defaultConfigurationIsVisible = 0;
			defaultConfigurationName = Release;
		};
		BC43C5D61D53560F00B59970 /* Build configuration list for PBXNativeTarget "MapIniOs" */ = {
			isa = XCConfigurationList;
			buildConfigurations = (
				BC43C5D71D53560F00B59970 /* Debug */,
				BC43C5D81D53560F00B59970 /* Release */,
			);
			defaultConfigurationIsVisible = 0;
			defaultConfigurationName = Release;
		};
/* End XCConfigurationList section */
	};
	rootObject = BC43C5B71D53560F00B59970 /* Project object */;
}
